version = 1
revision = 3
requires-python = "==3.8.*"

[[package]]
name = "certifi"
version = "2025.11.12"
source = { registry = "https://pypi.org/simple" }
sdist = { url = "https://files.pythonhosted.org/packages/a2/8c/58f469717fa48465e4a50c014a0400602d3c437d7c0c468e17ada824da3a/certifi-2025.11.12.tar.gz", hash = "sha256:d8ab5478f2ecd78af242878415affce761ca6bc54a22a27e026d7c25357c3316", size = 160538, upload-time = "2025-11-12T02:54:51.517Z" }
wheels = [
    { url = "https://files.pythonhosted.org/packages/70/7d/9bc192684cea499815ff478dfcdc13835ddf401365057044fb721ec6bddb/certifi-2025.11.12-py3-none-any.whl", hash = "sha256:97de8790030bbd5c2d96b7ec782fc2f7820ef8dba6db909ccf95449f2d062d4b", size = 159438, upload-time = "2025-11-12T02:54:49.735Z" },
]

[[package]]
name = "charset-normalizer"
version = "3.4.4"
source = { registry = "https://pypi.org/simple" }
sdist = { url = "https://files.pythonhosted.org/packages/13/69/33ddede1939fdd074bce5434295f38fae7136463422fe4fd3e0e89b98062/charset_normalizer-3.4.4.tar.gz", hash = "sha256:94537985111c35f28720e43603b8e7b43a6ecfb2ce1d3058bbe955b73404e21a", size = 129418, upload-time = "2025-10-14T04:42:32.879Z" }
wheels = [
    { url = "https://files.pythonhosted.org/packages/0a/4e/3926a1c11f0433791985727965263f788af00db3482d89a7545ca5ecc921/charset_normalizer-3.4.4-cp38-cp38-macosx_10_9_universal2.whl", hash = "sha256:ce8a0633f41a967713a59c4139d29110c07e826d131a316b50ce11b1d79b4f84", size = 198599, upload-time = "2025-10-14T04:41:53.213Z" },
    { url = "https://files.pythonhosted.org/packages/ec/7c/b92d1d1dcffc34592e71ea19c882b6709e43d20fa498042dea8b815638d7/charset_normalizer-3.4.4-cp38-cp38-manylinux2014_aarch64.manylinux_2_17_aarch64.manylinux_2_28_aarch64.whl", hash = "sha256:eaabd426fe94daf8fd157c32e571c85cb12e66692f15516a83a03264b08d06c3", size = 143090, upload-time = "2025-10-14T04:41:54.385Z" },
    { url = "https://files.pythonhosted.org/packages/84/ce/61a28d3bb77281eb24107b937a497f3c43089326d27832a63dcedaab0478/charset_normalizer-3.4.4-cp38-cp38-manylinux2014_armv7l.manylinux_2_17_armv7l.manylinux_2_31_armv7l.whl", hash = "sha256:c4ef880e27901b6cc782f1b95f82da9313c0eb95c3af699103088fa0ac3ce9ac", size = 139490, upload-time = "2025-10-14T04:41:55.551Z" },
    { url = "https://files.pythonhosted.org/packages/c0/bd/c9e59a91b2061c6f8bb98a150670cb16d4cd7c4ba7d11ad0cdf789155f41/charset_normalizer-3.4.4-cp38-cp38-manylinux2014_ppc64le.manylinux_2_17_ppc64le.manylinux_2_28_ppc64le.whl", hash = "sha256:2aaba3b0819274cc41757a1da876f810a3e4d7b6eb25699253a4effef9e8e4af", size = 155334, upload-time = "2025-10-14T04:41:56.724Z" },
    { url = "https://files.pythonhosted.org/packages/bf/37/f17ae176a80f22ff823456af91ba3bc59df308154ff53aef0d39eb3d3419/charset_normalizer-3.4.4-cp38-cp38-manylinux2014_s390x.manylinux_2_17_s390x.manylinux_2_28_s390x.whl", hash = "sha256:778d2e08eda00f4256d7f672ca9fef386071c9202f5e4607920b86d7803387f2", size = 152823, upload-time = "2025-10-14T04:41:58.236Z" },
    { url = "https://files.pythonhosted.org/packages/bf/fa/cf5bb2409a385f78750e78c8d2e24780964976acdaaed65dbd6083ae5b40/charset_normalizer-3.4.4-cp38-cp38-manylinux2014_x86_64.manylinux_2_17_x86_64.manylinux_2_28_x86_64.whl", hash = "sha256:f155a433c2ec037d4e8df17d18922c3a0d9b3232a396690f17175d2946f0218d", size = 147618, upload-time = "2025-10-14T04:41:59.409Z" },
    { url = "https://files.pythonhosted.org/packages/9b/63/579784a65bc7de2d4518d40bb8f1870900163e86f17f21fd1384318c459d/charset_normalizer-3.4.4-cp38-cp38-manylinux_2_31_riscv64.manylinux_2_39_riscv64.whl", hash = "sha256:a8bf8d0f749c5757af2142fe7903a9df1d2e8aa3841559b2bad34b08d0e2bcf3", size = 145516, upload-time = "2025-10-14T04:42:00.579Z" },
    { url = "https://files.pythonhosted.org/packages/a3/a9/94ec6266cd394e8f93a4d69cca651d61bf6ac58d2a0422163b30c698f2c7/charset_normalizer-3.4.4-cp38-cp38-musllinux_1_2_aarch64.whl", hash = "sha256:194f08cbb32dc406d6e1aea671a68be0823673db2832b38405deba2fb0d88f63", size = 145266, upload-time = "2025-10-14T04:42:01.684Z" },
    { url = "https://files.pythonhosted.org/packages/09/14/d6626eb97764b58c2779fa7928fa7d1a49adb8ce687c2dbba4db003c1939/charset_normalizer-3.4.4-cp38-cp38-musllinux_1_2_armv7l.whl", hash = "sha256:6aee717dcfead04c6eb1ce3bd29ac1e22663cdea57f943c87d1eab9a025438d7", size = 139559, upload-time = "2025-10-14T04:42:02.902Z" },
    { url = "https://files.pythonhosted.org/packages/09/01/ddbe6b01313ba191dbb0a43c7563bc770f2448c18127f9ea4b119c44dff0/charset_normalizer-3.4.4-cp38-cp38-musllinux_1_2_ppc64le.whl", hash = "sha256:cd4b7ca9984e5e7985c12bc60a6f173f3c958eae74f3ef6624bb6b26e2abbae4", size = 156653, upload-time = "2025-10-14T04:42:04.005Z" },
    { url = "https://files.pythonhosted.org/packages/95/c8/d05543378bea89296e9af4510b44c704626e191da447235c8fdedfc5b7b2/charset_normalizer-3.4.4-cp38-cp38-musllinux_1_2_riscv64.whl", hash = "sha256:b7cf1017d601aa35e6bb650b6ad28652c9cd78ee6caff19f3c28d03e1c80acbf", size = 145644, upload-time = "2025-10-14T04:42:05.211Z" },
    { url = "https://files.pythonhosted.org/packages/72/01/2866c4377998ef8a1f6802f6431e774a4c8ebe75b0a6e569ceec55c9cbfb/charset_normalizer-3.4.4-cp38-cp38-musllinux_1_2_s390x.whl", hash = "sha256:e912091979546adf63357d7e2ccff9b44f026c075aeaf25a52d0e95ad2281074", size = 153964, upload-time = "2025-10-14T04:42:06.341Z" },
    { url = "https://files.pythonhosted.org/packages/4a/66/66c72468a737b4cbd7851ba2c522fe35c600575fbeac944460b4fd4a06fe/charset_normalizer-3.4.4-cp38-cp38-musllinux_1_2_x86_64.whl", hash = "sha256:5cb4d72eea50c8868f5288b7f7f33ed276118325c1dfd3957089f6b519e1382a", size = 148777, upload-time = "2025-10-14T04:42:07.535Z" },
    { url = "https://files.pythonhosted.org/packages/50/94/d0d56677fdddbffa8ca00ec411f67bb8c947f9876374ddc9d160d4f2c4b3/charset_normalizer-3.4.4-cp38-cp38-win32.whl", hash = "sha256:837c2ce8c5a65a2035be9b3569c684358dfbf109fd3b6969630a87535495ceaa", size = 98687, upload-time = "2025-10-14T04:42:08.678Z" },
    { url = "https://files.pythonhosted.org/packages/00/64/c3bc303d1b586480b1c8e6e1e2191a6d6dd40255244e5cf16763dcec52e6/charset_normalizer-3.4.4-cp38-cp38-win_amd64.whl", hash = "sha256:44c2a8734b333e0578090c4cd6b16f275e07aa6614ca8715e6c038e865e70576", size = 106115, upload-time = "2025-10-14T04:42:09.793Z" },
    { url = "https://files.pythonhosted.org/packages/0a/4c/925909008ed5a988ccbb72dcc897407e5d6d3bd72410d69e051fc0c14647/charset_normalizer-3.4.4-py3-none-any.whl", hash = "sha256:7a32c560861a02ff789ad905a2fe94e3f840803362c84fecf1851cb4cf3dc37f", size = 53402, upload-time = "2025-10-14T04:42:31.76Z" },
]

[[package]]
name = "click"
version = "8.1.8"
source = { registry = "https://pypi.org/simple" }
dependencies = [
    { name = "colorama", marker = "sys_platform == 'win32'" },
]
sdist = { url = "https://files.pythonhosted.org/packages/b9/2e/0090cbf739cee7d23781ad4b89a9894a41538e4fcf4c31dcdd705b78eb8b/click-8.1.8.tar.gz", hash = "sha256:ed53c9d8990d83c2a27deae68e4ee337473f6330c040a31d4225c9574d16096a", size = 226593, upload-time = "2024-12-21T18:38:44.339Z" }
wheels = [
    { url = "https://files.pythonhosted.org/packages/7e/d4/7ebdbd03970677812aac39c869717059dbb71a4cfc033ca6e5221787892c/click-8.1.8-py3-none-any.whl", hash = "sha256:63c132bbbed01578a06712a2d1f497bb62d9c1c0d329b7903a866228027263b2", size = 98188, upload-time = "2024-12-21T18:38:41.666Z" },
]

[[package]]
name = "colorama"
version = "0.4.6"
source = { registry = "https://pypi.org/simple" }
sdist = { url = "https://files.pythonhosted.org/packages/d8/53/6f443c9a4a8358a93a6792e2acffb9d9d5cb0a5cfd8802644b7b1c9a02e4/colorama-0.4.6.tar.gz", hash = "sha256:08695f5cb7ed6e0531a20572697297273c47b8cae5a63ffc6d6ed5c201be6e44", size = 27697, upload-time = "2022-10-25T02:36:22.414Z" }
wheels = [
    { url = "https://files.pythonhosted.org/packages/d1/d6/3965ed04c63042e047cb6a3e6ed1a63a35087b6a609aa3a15ed8ac56c221/colorama-0.4.6-py2.py3-none-any.whl", hash = "sha256:4f1d9991f5acc0ca119f9d443620b77f9d6b33703e51011c16baf57afb285fc6", size = 25335, upload-time = "2022-10-25T02:36:20.889Z" },
]

[[package]]
name = "idna"
version = "3.11"
source = { registry = "https://pypi.org/simple" }
sdist = { url = "https://files.pythonhosted.org/packages/6f/6d/0703ccc57f3a7233505399edb88de3cbd678da106337b9fcde432b65ed60/idna-3.11.tar.gz", hash = "sha256:795dafcc9c04ed0c1fb032c2aa73654d8e8c5023a7df64a53f39190ada629902", size = 194582, upload-time = "2025-10-12T14:55:20.501Z" }
wheels = [
    { url = "https://files.pythonhosted.org/packages/0e/61/66938bbb5fc52dbdf84594873d5b51fb1f7c7794e9c0f5bd885f30bc507b/idna-3.11-py3-none-any.whl", hash = "sha256:771a87f49d9defaf64091e6e6fe9c18d4833f140bd19464795bc32d966ca37ea", size = 71008, upload-time = "2025-10-12T14:55:18.883Z" },
]

[[package]]
name = "imageio-ffmpeg"
version = "0.4.3"
source = { registry = "https://pypi.org/simple" }
sdist = { url = "https://files.pythonhosted.org/packages/f5/49/309e3c3a29af2e9f84869c968f980b72a3bb0d4515f9e8e0878e5c3f06c6/imageio-ffmpeg-0.4.3.tar.gz", hash = "sha256:f826260a3207b872f1a4ba87ec0c8e02c00afba4fd03348a59049bdd8215841e", size = 15054, upload-time = "2021-01-04T21:03:59.828Z" }
wheels = [
    { url = "https://files.pythonhosted.org/packages/c4/f8/f1aea58cd037a9a25e9ebe555013ea4c8863448c27ed9e6f2c272344af22/imageio_ffmpeg-0.4.3-py3-none-macosx_10_9_intel.macosx_10_9_x86_64.macosx_10_10_intel.macosx_10_10_x86_64.whl", hash = "sha256:5b69f9390f791a0f1e125ae5244dcb8a6dbb7008195d047d529225a7ef351be4", size = 22530462, upload-time = "2021-01-04T21:03:53.321Z" },
    { url = "https://files.pythonhosted.org/packages/89/0f/4b49476d185a273163fa648eaf1e7d4190661d1bbf37ec2975b84df9de02/imageio_ffmpeg-0.4.3-py3-none-manylinux2010_x86_64.whl", hash = "sha256:4b8067bf1ead54b03fa7fa37f80ce152b34426e128aa835131b04eb64ee52b32", size = 26897928, upload-time = "2021-01-04T21:03:47.335Z" },
    { url = "https://files.pythonhosted.org/packages/43/61/671bb6ec6be09cb4a10a38a65fdf362a9b8a0abf7d82aa9312a75c7e0906/imageio_ffmpeg-0.4.3-py3-none-win32.whl", hash = "sha256:3b00bb04e8649f60d5ede91aa47b754283d1fa9fd8d40803d9871c8afd72cd50", size = 19649639, upload-time = "2021-01-04T21:03:58.148Z" },
    { url = "https://files.pythonhosted.org/packages/c3/da/152b7e7a4ef300cf96fae41fab321163d9cd2c5c6b504c9e20a1a83c7575/imageio_ffmpeg-0.4.3-py3-none-win_amd64.whl", hash = "sha256:b1b9cc52ead5ea0c6e9806bcce4d6d1b0d8d4e9baf017af090fb932cc37ad6b0", size = 22617428, upload-time = "2021-01-04T21:03:41.059Z" },
]

[[package]]
name = "ninja"
version = "1.13.0"
source = { registry = "https://pypi.org/simple" }
sdist = { url = "https://files.pythonhosted.org/packages/43/73/79a0b22fc731989c708068427579e840a6cf4e937fe7ae5c5d0b7356ac22/ninja-1.13.0.tar.gz", hash = "sha256:4a40ce995ded54d9dc24f8ea37ff3bf62ad192b547f6c7126e7e25045e76f978", size = 242558, upload-time = "2025-08-11T15:10:19.421Z" }
wheels = [
    { url = "https://files.pythonhosted.org/packages/3c/74/d02409ed2aa865e051b7edda22ad416a39d81a84980f544f8de717cab133/ninja-1.13.0-py3-none-macosx_10_9_universal2.whl", hash = "sha256:fa2a8bfc62e31b08f83127d1613d10821775a0eb334197154c4d6067b7068ff1", size = 310125, upload-time = "2025-08-11T15:09:50.971Z" },
    { url = "https://files.pythonhosted.org/packages/8e/de/6e1cd6b84b412ac1ef327b76f0641aeb5dcc01e9d3f9eee0286d0c34fd93/ninja-1.13.0-py3-none-manylinux2014_aarch64.manylinux_2_17_aarch64.whl", hash = "sha256:3d00c692fb717fd511abeb44b8c5d00340c36938c12d6538ba989fe764e79630", size = 177467, upload-time = "2025-08-11T15:09:52.767Z" },
    { url = "https://files.pythonhosted.org/packages/c8/83/49320fb6e58ae3c079381e333575fdbcf1cca3506ee160a2dcce775046fa/ninja-1.13.0-py3-none-manylinux2014_i686.manylinux_2_17_i686.whl", hash = "sha256:be7f478ff9f96a128b599a964fc60a6a87b9fa332ee1bd44fa243ac88d50291c", size = 187834, upload-time = "2025-08-11T15:09:54.115Z" },
    { url = "https://files.pythonhosted.org/packages/56/c7/ba22748fb59f7f896b609cd3e568d28a0a367a6d953c24c461fe04fc4433/ninja-1.13.0-py3-none-manylinux2014_ppc64le.manylinux_2_17_ppc64le.whl", hash = "sha256:60056592cf495e9a6a4bea3cd178903056ecb0943e4de45a2ea825edb6dc8d3e", size = 202736, upload-time = "2025-08-11T15:09:55.745Z" },
    { url = "https://files.pythonhosted.org/packages/79/22/d1de07632b78ac8e6b785f41fa9aad7a978ec8c0a1bf15772def36d77aac/ninja-1.13.0-py3-none-manylinux2014_s390x.manylinux_2_17_s390x.whl", hash = "sha256:1c97223cdda0417f414bf864cfb73b72d8777e57ebb279c5f6de368de0062988", size = 179034, upload-time = "2025-08-11T15:09:57.394Z" },
    { url = "https://files.pythonhosted.org/packages/ed/de/0e6edf44d6a04dabd0318a519125ed0415ce437ad5a1ec9b9be03d9048cf/ninja-1.13.0-py3-none-manylinux2014_x86_64.manylinux_2_17_x86_64.whl", hash = "sha256:fb46acf6b93b8dd0322adc3a4945452a4e774b75b91293bafcc7b7f8e6517dfa", size = 180716, upload-time = "2025-08-11T15:09:58.696Z" },
    { url = "https://files.pythonhosted.org/packages/54/28/938b562f9057aaa4d6bfbeaa05e81899a47aebb3ba6751e36c027a7f5ff7/ninja-1.13.0-py3-none-manylinux_2_28_armv7l.manylinux_2_31_armv7l.whl", hash = "sha256:4be9c1b082d244b1ad7ef41eb8ab088aae8c109a9f3f0b3e56a252d3e00f42c1", size = 146843, upload-time = "2025-08-11T15:10:00.046Z" },
    { url = "https://files.pythonhosted.org/packages/2a/fb/d06a3838de4f8ab866e44ee52a797b5491df823901c54943b2adb0389fbb/ninja-1.13.0-py3-none-manylinux_2_31_riscv64.whl", hash = "sha256:6739d3352073341ad284246f81339a384eec091d9851a886dfa5b00a6d48b3e2", size = 154402, upload-time = "2025-08-11T15:10:01.657Z" },
    { url = "https://files.pythonhosted.org/packages/31/bf/0d7808af695ceddc763cf251b84a9892cd7f51622dc8b4c89d5012779f06/ninja-1.13.0-py3-none-musllinux_1_2_aarch64.whl", hash = "sha256:11be2d22027bde06f14c343f01d31446747dbb51e72d00decca2eb99be911e2f", size = 552388, upload-time = "2025-08-11T15:10:03.349Z" },
    { url = "https://files.pythonhosted.org/packages/9d/70/c99d0c2c809f992752453cce312848abb3b1607e56d4cd1b6cded317351a/ninja-1.13.0-py3-none-musllinux_1_2_armv7l.whl", hash = "sha256:aa45b4037b313c2f698bc13306239b8b93b4680eb47e287773156ac9e9304714", size = 472501, upload-time = "2025-08-11T15:10:04.735Z" },
    { url = "https://files.pythonhosted.org/packages/9f/43/c217b1153f0e499652f5e0766da8523ce3480f0a951039c7af115e224d55/ninja-1.13.0-py3-none-musllinux_1_2_i686.whl", hash = "sha256:5f8e1e8a1a30835eeb51db05cf5a67151ad37542f5a4af2a438e9490915e5b72", size = 638280, upload-time = "2025-08-11T15:10:06.512Z" },
    { url = "https://files.pythonhosted.org/packages/8c/45/9151bba2c8d0ae2b6260f71696330590de5850e5574b7b5694dce6023e20/ninja-1.13.0-py3-none-musllinux_1_2_ppc64le.whl", hash = "sha256:3d7d7779d12cb20c6d054c61b702139fd23a7a964ec8f2c823f1ab1b084150db", size = 642420, upload-time = "2025-08-11T15:10:08.35Z" },
    { url = "https://files.pythonhosted.org/packages/3c/fb/95752eb635bb8ad27d101d71bef15bc63049de23f299e312878fc21cb2da/ninja-1.13.0-py3-none-musllinux_1_2_riscv64.whl", hash = "sha256:d741a5e6754e0bda767e3274a0f0deeef4807f1fec6c0d7921a0244018926ae5", size = 585106, upload-time = "2025-08-11T15:10:09.818Z" },
    { url = "https://files.pythonhosted.org/packages/c1/31/aa56a1a286703800c0cbe39fb4e82811c277772dc8cd084f442dd8e2938a/ninja-1.13.0-py3-none-musllinux_1_2_s390x.whl", hash = "sha256:e8bad11f8a00b64137e9b315b137d8bb6cbf3086fbdc43bf1f90fd33324d2e96", size = 707138, upload-time = "2025-08-11T15:10:11.366Z" },
    { url = "https://files.pythonhosted.org/packages/34/6f/5f5a54a1041af945130abdb2b8529cbef0cdcbbf9bcf3f4195378319d29a/ninja-1.13.0-py3-none-musllinux_1_2_x86_64.whl", hash = "sha256:b4f2a072db3c0f944c32793e91532d8948d20d9ab83da9c0c7c15b5768072200", size = 581758, upload-time = "2025-08-11T15:10:13.295Z" },
    { url = "https://files.pythonhosted.org/packages/95/97/51359c77527d45943fe7a94d00a3843b81162e6c4244b3579fe8fc54cb9c/ninja-1.13.0-py3-none-win32.whl", hash = "sha256:8cfbb80b4a53456ae8a39f90ae3d7a2129f45ea164f43fadfa15dc38c4aef1c9", size = 267201, upload-time = "2025-08-11T15:10:15.158Z" },
    { url = "https://files.pythonhosted.org/packages/29/45/c0adfbfb0b5895aa18cec400c535b4f7ff3e52536e0403602fc1a23f7de9/ninja-1.13.0-py3-none-win_amd64.whl", hash = "sha256:fb8ee8719f8af47fed145cced4a85f0755dd55d45b2bddaf7431fa89803c5f3e", size = 309975, upload-time = "2025-08-11T15:10:16.697Z" },
    { url = "https://files.pythonhosted.org/packages/df/93/a7b983643d1253bb223234b5b226e69de6cda02b76cdca7770f684b795f5/ninja-1.13.0-py3-none-win_arm64.whl", hash = "sha256:3c0b40b1f0bba764644385319028650087b4c1b18cdfa6f45cb39a3669b81aa9", size = 290806, upload-time = "2025-08-11T15:10:18.018Z" },
]

[[package]]
name = "numpy"
version = "1.24.4"
source = { registry = "https://pypi.org/simple" }
sdist = { url = "https://files.pythonhosted.org/packages/a4/9b/027bec52c633f6556dba6b722d9a0befb40498b9ceddd29cbe67a45a127c/numpy-1.24.4.tar.gz", hash = "sha256:80f5e3a4e498641401868df4208b74581206afbee7cf7b8329daae82676d9463", size = 10911229, upload-time = "2023-06-26T13:39:33.218Z" }
wheels = [
    { url = "https://files.pythonhosted.org/packages/11/10/943cfb579f1a02909ff96464c69893b1d25be3731b5d3652c2e0cf1281ea/numpy-1.24.4-cp38-cp38-macosx_10_9_x86_64.whl", hash = "sha256:1452241c290f3e2a312c137a9999cdbf63f78864d63c79039bda65ee86943f61", size = 19780722, upload-time = "2023-06-26T13:27:49.573Z" },
    { url = "https://files.pythonhosted.org/packages/a7/ae/f53b7b265fdc701e663fbb322a8e9d4b14d9cb7b2385f45ddfabfc4327e4/numpy-1.24.4-cp38-cp38-macosx_11_0_arm64.whl", hash = "sha256:04640dab83f7c6c85abf9cd729c5b65f1ebd0ccf9de90b270cd61935eef0197f", size = 13843102, upload-time = "2023-06-26T13:28:12.288Z" },
    { url = "https://files.pythonhosted.org/packages/25/6f/2586a50ad72e8dbb1d8381f837008a0321a3516dfd7cb57fc8cf7e4bb06b/numpy-1.24.4-cp38-cp38-manylinux_2_17_aarch64.manylinux2014_aarch64.whl", hash = "sha256:a5425b114831d1e77e4b5d812b69d11d962e104095a5b9c3b641a218abcc050e", size = 14039616, upload-time = "2023-06-26T13:28:35.659Z" },
    { url = "https://files.pythonhosted.org/packages/98/5d/5738903efe0ecb73e51eb44feafba32bdba2081263d40c5043568ff60faf/numpy-1.24.4-cp38-cp38-manylinux_2_17_x86_64.manylinux2014_x86_64.whl", hash = "sha256:dd80e219fd4c71fc3699fc1dadac5dcf4fd882bfc6f7ec53d30fa197b8ee22dc", size = 17316263, upload-time = "2023-06-26T13:29:09.272Z" },
    { url = "https://files.pythonhosted.org/packages/d1/57/8d328f0b91c733aa9aa7ee540dbc49b58796c862b4fbcb1146c701e888da/numpy-1.24.4-cp38-cp38-win32.whl", hash = "sha256:4602244f345453db537be5314d3983dbf5834a9701b7723ec28923e2889e0bb2", size = 12455660, upload-time = "2023-06-26T13:29:33.434Z" },
    { url = "https://files.pythonhosted.org/packages/69/65/0d47953afa0ad569d12de5f65d964321c208492064c38fe3b0b9744f8d44/numpy-1.24.4-cp38-cp38-win_amd64.whl", hash = "sha256:692f2e0f55794943c5bfff12b3f56f99af76f902fc47487bdfe97856de51a706", size = 14868112, upload-time = "2023-06-26T13:29:58.385Z" },
    { url = "https://files.pythonhosted.org/packages/a4/fd/8dff40e25e937c94257455c237b9b6bf5a30d42dd1cc11555533be099492/numpy-1.24.4-pp38-pypy38_pp73-macosx_10_9_x86_64.whl", hash = "sha256:31f13e25b4e304632a4619d0e0777662c2ffea99fcae2029556b17d8ff958aef", size = 19156590, upload-time = "2023-06-26T13:33:10.36Z" },
    { url = "https://files.pythonhosted.org/packages/42/e7/4bf953c6e05df90c6d351af69966384fed8e988d0e8c54dad7103b59f3ba/numpy-1.24.4-pp38-pypy38_pp73-manylinux_2_17_x86_64.manylinux2014_x86_64.whl", hash = "sha256:95f7ac6540e95bc440ad77f56e520da5bf877f87dca58bd095288dce8940532a", size = 16705744, upload-time = "2023-06-26T13:33:36.703Z" },
    { url = "https://files.pythonhosted.org/packages/fc/dd/9106005eb477d022b60b3817ed5937a43dad8fd1f20b0610ea8a32fcb407/numpy-1.24.4-pp38-pypy38_pp73-win_amd64.whl", hash = "sha256:e98f220aa76ca2a977fe435f5b04d7b3470c0a2e6312907b37ba6068f26787f2", size = 14734290, upload-time = "2023-06-26T13:34:05.409Z" },
]

[[package]]
name = "nvidia-cublas-cu11"
version = "11.10.3.66"
source = { registry = "https://pypi.org/simple" }
dependencies = [
    { name = "setuptools" },
    { name = "wheel" },
]
wheels = [
    { url = "https://files.pythonhosted.org/packages/ce/41/fdeb62b5437996e841d83d7d2714ca75b886547ee8017ee2fe6ea409d983/nvidia_cublas_cu11-11.10.3.66-py3-none-manylinux1_x86_64.whl", hash = "sha256:d32e4d75f94ddfb93ea0a5dda08389bcc65d8916a25cb9f37ac89edaeed3bded", size = 317097917, upload-time = "2022-08-11T17:32:30.789Z" },
]

[[package]]
name = "nvidia-cuda-nvrtc-cu11"
version = "11.7.99"
source = { registry = "https://pypi.org/simple" }
wheels = [
    { url = "https://files.pythonhosted.org/packages/ef/25/922c5996aada6611b79b53985af7999fc629aee1d5d001b6a22431e18fec/nvidia_cuda_nvrtc_cu11-11.7.99-2-py3-none-manylinux1_x86_64.whl", hash = "sha256:9f1562822ea264b7e34ed5930567e89242d266448e936b85bc97a3370feabb03", size = 21011023, upload-time = "2022-09-21T23:12:53.384Z" },
    { url = "https://files.pythonhosted.org/packages/ea/8d/0709ba16c2831c17ec1c2ea1eeb89ada11ffa8d966d773cce0a7463b22bb/nvidia_cuda_nvrtc_cu11-11.7.99-py3-none-manylinux1_x86_64.whl", hash = "sha256:f7d9610d9b7c331fa0da2d1b2858a4a8315e6d49765091d28711c8946e7425e7", size = 21010447, upload-time = "2022-08-03T20:59:13.991Z" },
]

[[package]]
name = "nvidia-cuda-runtime-cu11"
version = "11.7.99"
source = { registry = "https://pypi.org/simple" }
dependencies = [
    { name = "setuptools" },
    { name = "wheel" },
]
wheels = [
    { url = "https://files.pythonhosted.org/packages/36/92/89cf558b514125d2ebd8344dd2f0533404b416486ff681d5434a5832a019/nvidia_cuda_runtime_cu11-11.7.99-py3-none-manylinux1_x86_64.whl", hash = "sha256:cc768314ae58d2641f07eac350f40f99dcb35719c4faff4bc458a7cd2b119e31", size = 849253, upload-time = "2022-08-03T20:58:27.979Z" },
]

[[package]]
name = "nvidia-cudnn-cu11"
version = "8.5.0.96"
source = { registry = "https://pypi.org/simple" }
dependencies = [
    { name = "nvidia-cublas-cu11" },
]
wheels = [
    { url = "https://files.pythonhosted.org/packages/dc/30/66d4347d6e864334da5bb1c7571305e501dcb11b9155971421bb7bb5315f/nvidia_cudnn_cu11-8.5.0.96-2-py3-none-manylinux1_x86_64.whl", hash = "sha256:402f40adfc6f418f9dae9ab402e773cfed9beae52333f6d86ae3107a1b9527e7", size = 557141533, upload-time = "2022-09-21T21:55:09.845Z" },
    { url = "https://files.pythonhosted.org/packages/db/69/4d28d4706946f89fffe3f87373a079ae95dc17f9c0fcd840fe570c67e36b/nvidia_cudnn_cu11-8.5.0.96-py3-none-manylinux1_x86_64.whl", hash = "sha256:71f8111eb830879ff2836db3cccf03bbd735df9b0d17cd93761732ac50a8a108", size = 557140881, upload-time = "2022-08-10T00:14:42.613Z" },
]

[[package]]
name = "pillow"
version = "10.4.0"
source = { registry = "https://pypi.org/simple" }
sdist = { url = "https://files.pythonhosted.org/packages/cd/74/ad3d526f3bf7b6d3f408b73fde271ec69dfac8b81341a318ce825f2b3812/pillow-10.4.0.tar.gz", hash = "sha256:166c1cd4d24309b30d61f79f4a9114b7b2313d7450912277855ff5dfd7cd4a06", size = 46555059, upload-time = "2024-07-01T09:48:43.583Z" }
wheels = [
    { url = "https://files.pythonhosted.org/packages/56/70/f40009702a477ce87d8d9faaa4de51d6562b3445d7a314accd06e4ffb01d/pillow-10.4.0-cp38-cp38-macosx_10_10_x86_64.whl", hash = "sha256:8d4d5063501b6dd4024b8ac2f04962d661222d120381272deea52e3fc52d3736", size = 3509213, upload-time = "2024-07-01T09:47:11.662Z" },
    { url = "https://files.pythonhosted.org/packages/10/43/105823d233c5e5d31cea13428f4474ded9d961652307800979a59d6a4276/pillow-10.4.0-cp38-cp38-macosx_11_0_arm64.whl", hash = "sha256:7c1ee6f42250df403c5f103cbd2768a28fe1a0ea1f0f03fe151c8741e1469c8b", size = 3375883, upload-time = "2024-07-01T09:47:14.453Z" },
    { url = "https://files.pythonhosted.org/packages/3c/ad/7850c10bac468a20c918f6a5dbba9ecd106ea1cdc5db3c35e33a60570408/pillow-10.4.0-cp38-cp38-manylinux_2_17_aarch64.manylinux2014_aarch64.whl", hash = "sha256:b15e02e9bb4c21e39876698abf233c8c579127986f8207200bc8a8f6bb27acf2", size = 4330810, upload-time = "2024-07-01T09:47:16.695Z" },
    { url = "https://files.pythonhosted.org/packages/84/4c/69bbed9e436ac22f9ed193a2b64f64d68fcfbc9f4106249dc7ed4889907b/pillow-10.4.0-cp38-cp38-manylinux_2_17_x86_64.manylinux2014_x86_64.whl", hash = "sha256:7a8d4bade9952ea9a77d0c3e49cbd8b2890a399422258a77f357b9cc9be8d680", size = 4444341, upload-time = "2024-07-01T09:47:19.334Z" },
    { url = "https://files.pythonhosted.org/packages/8f/4f/c183c63828a3f37bf09644ce94cbf72d4929b033b109160a5379c2885932/pillow-10.4.0-cp38-cp38-manylinux_2_28_aarch64.whl", hash = "sha256:43efea75eb06b95d1631cb784aa40156177bf9dd5b4b03ff38979e048258bc6b", size = 4356005, upload-time = "2024-07-01T09:47:21.805Z" },
    { url = "https://files.pythonhosted.org/packages/fb/ad/435fe29865f98a8fbdc64add8875a6e4f8c97749a93577a8919ec6f32c64/pillow-10.4.0-cp38-cp38-manylinux_2_28_x86_64.whl", hash = "sha256:950be4d8ba92aca4b2bb0741285a46bfae3ca699ef913ec8416c1b78eadd64cd", size = 4525201, upload-time = "2024-07-01T09:47:24.457Z" },
    { url = "https://files.pythonhosted.org/packages/80/74/be8bf8acdfd70e91f905a12ae13cfb2e17c0f1da745c40141e26d0971ff5/pillow-10.4.0-cp38-cp38-musllinux_1_2_aarch64.whl", hash = "sha256:d7480af14364494365e89d6fddc510a13e5a2c3584cb19ef65415ca57252fb84", size = 4460635, upload-time = "2024-07-01T09:47:26.841Z" },
    { url = "https://files.pythonhosted.org/packages/e4/90/763616e66dc9ad59c9b7fb58f863755e7934ef122e52349f62c7742b82d3/pillow-10.4.0-cp38-cp38-musllinux_1_2_x86_64.whl", hash = "sha256:73664fe514b34c8f02452ffb73b7a92c6774e39a647087f83d67f010eb9a0cf0", size = 4590283, upload-time = "2024-07-01T09:47:29.247Z" },
    { url = "https://files.pythonhosted.org/packages/69/66/03002cb5b2c27bb519cba63b9f9aa3709c6f7a5d3b285406c01f03fb77e5/pillow-10.4.0-cp38-cp38-win32.whl", hash = "sha256:e88d5e6ad0d026fba7bdab8c3f225a69f063f116462c49892b0149e21b6c0a0e", size = 2235185, upload-time = "2024-07-01T09:47:32.205Z" },
    { url = "https://files.pythonhosted.org/packages/f2/75/3cb820b2812405fc7feb3d0deb701ef0c3de93dc02597115e00704591bc9/pillow-10.4.0-cp38-cp38-win_amd64.whl", hash = "sha256:5161eef006d335e46895297f642341111945e2c1c899eb406882a6c61a4357ab", size = 2554594, upload-time = "2024-07-01T09:47:34.285Z" },
]

[[package]]
name = "psutil"
version = "7.1.3"
source = { registry = "https://pypi.org/simple" }
sdist = { url = "https://files.pythonhosted.org/packages/e1/88/bdd0a41e5857d5d703287598cbf08dad90aed56774ea52ae071bae9071b6/psutil-7.1.3.tar.gz", hash = "sha256:6c86281738d77335af7aec228328e944b30930899ea760ecf33a4dba66be5e74", size = 489059, upload-time = "2025-11-02T12:25:54.619Z" }
wheels = [
    { url = "https://files.pythonhosted.org/packages/ef/94/46b9154a800253e7ecff5aaacdf8ebf43db99de4a2dfa18575b02548654e/psutil-7.1.3-cp36-abi3-macosx_10_9_x86_64.whl", hash = "sha256:2bdbcd0e58ca14996a42adf3621a6244f1bb2e2e528886959c72cf1e326677ab", size = 238359, upload-time = "2025-11-02T12:26:25.284Z" },
    { url = "https://files.pythonhosted.org/packages/68/3a/9f93cff5c025029a36d9a92fef47220ab4692ee7f2be0fba9f92813d0cb8/psutil-7.1.3-cp36-abi3-macosx_11_0_arm64.whl", hash = "sha256:bc31fa00f1fbc3c3802141eede66f3a2d51d89716a194bf2cd6fc68310a19880", size = 239171, upload-time = "2025-11-02T12:26:27.23Z" },
    { url = "https://files.pythonhosted.org/packages/ce/b1/5f49af514f76431ba4eea935b8ad3725cdeb397e9245ab919dbc1d1dc20f/psutil-7.1.3-cp36-abi3-manylinux2010_x86_64.manylinux_2_12_x86_64.manylinux_2_28_x86_64.whl", hash = "sha256:3bb428f9f05c1225a558f53e30ccbad9930b11c3fc206836242de1091d3e7dd3", size = 263261, upload-time = "2025-11-02T12:26:29.48Z" },
    { url = "https://files.pythonhosted.org/packages/e0/95/992c8816a74016eb095e73585d747e0a8ea21a061ed3689474fabb29a395/psutil-7.1.3-cp36-abi3-manylinux2014_aarch64.manylinux_2_17_aarch64.manylinux_2_28_aarch64.whl", hash = "sha256:56d974e02ca2c8eb4812c3f76c30e28836fffc311d55d979f1465c1feeb2b68b", size = 264635, upload-time = "2025-11-02T12:26:31.74Z" },
    { url = "https://files.pythonhosted.org/packages/55/4c/c3ed1a622b6ae2fd3c945a366e64eb35247a31e4db16cf5095e269e8eb3c/psutil-7.1.3-cp37-abi3-win_amd64.whl", hash = "sha256:f39c2c19fe824b47484b96f9692932248a54c43799a84282cfe58d05a6449efd", size = 247633, upload-time = "2025-11-02T12:26:33.887Z" },
    { url = "https://files.pythonhosted.org/packages/c9/ad/33b2ccec09bf96c2b2ef3f9a6f66baac8253d7565d8839e024a6b905d45d/psutil-7.1.3-cp37-abi3-win_arm64.whl", hash = "sha256:bd0d69cee829226a761e92f28140bec9a5ee9d5b4fb4b0cc589068dbfff559b1", size = 244608, upload-time = "2025-11-02T12:26:36.136Z" },
]

[[package]]
name = "pyspng"
version = "0.1.4"
source = { registry = "https://pypi.org/simple" }
dependencies = [
    { name = "numpy" },
]
sdist = { url = "https://files.pythonhosted.org/packages/9d/f7/28061bf17b9966a24d3f7dc7f9d9fe9df9e398d22f4d242034e725e44490/pyspng-0.1.4.tar.gz", hash = "sha256:c715f97caf46c7d2fe1cd473114e36c7bba7d9a4ef6575b46e0e53de9354759a", size = 717918, upload-time = "2025-12-13T17:28:45.771Z" }
wheels = [
    { url = "https://files.pythonhosted.org/packages/58/57/8ba8535fbc7d0e8cc64c66766ffac02e058f084232c2a45b3ebfa0d3be9b/pyspng-0.1.4-cp38-cp38-macosx_11_0_arm64.whl", hash = "sha256:4e9dd52a65816f63eee7545ba2144643394551ddcd36830ec9cb3027e55adc06", size = 152109, upload-time = "2025-12-13T17:28:28.22Z" },
    { url = "https://files.pythonhosted.org/packages/8b/84/e77f7f3d5223160823c956ed153a01b25078bc836948898a14714ada78ff/pyspng-0.1.4-cp38-cp38-manylinux_2_26_aarch64.manylinux_2_28_aarch64.whl", hash = "sha256:c5a521ba6804006d989d8191af728dbc4ebb14a9d1d9b5feda8406fc2114d379", size = 174894, upload-time = "2025-12-13T17:28:29.221Z" },
    { url = "https://files.pythonhosted.org/packages/8f/da/97a9fe82a768ec8fe5ce1b95d4b61ff409e4f0ff4b21b57633692a66194b/pyspng-0.1.4-cp38-cp38-manylinux_2_27_x86_64.manylinux_2_28_x86_64.whl", hash = "sha256:af3397535f806fbce3478aad5425da41a64ee7639f69444bbfd997ff14eeef9b", size = 190196, upload-time = "2025-12-13T17:28:30.27Z" },
    { url = "https://files.pythonhosted.org/packages/76/36/c26e8e42ee8b393b45675d2cf144a8bbcc969e19404afb621691fda357d0/pyspng-0.1.4-cp38-cp38-musllinux_1_2_aarch64.whl", hash = "sha256:cba6e3af5dcb9aac0958f71ad5e92be71e5bc4420a709d4b5d54cf03ac449af7", size = 1160050, upload-time = "2025-12-13T17:28:31.945Z" },
    { url = "https://files.pythonhosted.org/packages/f0/47/4300304525598e5681a5614227e06d4d957e57c3cea666539c9e5b75795a/pyspng-0.1.4-cp38-cp38-musllinux_1_2_x86_64.whl", hash = "sha256:bb9f39441a89676a55073dbca02f66674a5ca9296e2a1559e4854c6166809de3", size = 1225512, upload-time = "2025-12-13T17:28:33.246Z" },
    { url = "https://files.pythonhosted.org/packages/9d/81/ae914ac9ab3c7e21a4b4d8ee3aee78dfca3a741fe169f27a3193a04417c6/pyspng-0.1.4-cp38-cp38-win32.whl", hash = "sha256:e972467d35c3859aea55c77118475774e6494a0356617ed0ef5656a8c72be615", size = 125886, upload-time = "2025-12-13T17:28:34.41Z" },
    { url = "https://files.pythonhosted.org/packages/49/fd/cd806253735a9bdd21a81e44b472bdb691f9fedb1ec1c1292cccc4dac400/pyspng-0.1.4-cp38-cp38-win_amd64.whl", hash = "sha256:499f01276240cd934ecc96b8431b360f43e010b8b6f117fe7ea25151286a3402", size = 137893, upload-time = "2025-12-13T17:28:35.734Z" },
]

[[package]]
name = "requests"
version = "2.32.4"
source = { registry = "https://pypi.org/simple" }
dependencies = [
    { name = "certifi" },
    { name = "charset-normalizer" },
    { name = "idna" },
    { name = "urllib3" },
]
sdist = { url = "https://files.pythonhosted.org/packages/e1/0a/929373653770d8a0d7ea76c37de6e41f11eb07559b103b1c02cafb3f7cf8/requests-2.32.4.tar.gz", hash = "sha256:27d0316682c8a29834d3264820024b62a36942083d52caf2f14c0591336d3422", size = 135258, upload-time = "2025-06-09T16:43:07.34Z" }
wheels = [
    { url = "https://files.pythonhosted.org/packages/7c/e4/56027c4a6b4ae70ca9de302488c5ca95ad4a39e190093d6c1a8ace08341b/requests-2.32.4-py3-none-any.whl", hash = "sha256:27babd3cda2a6d50b30443204ee89830707d396671944c998b5975b031ac2b2c", size = 64847, upload-time = "2025-06-09T16:43:05.728Z" },
]

[[package]]
name = "scipy"
version = "1.10.1"
source = { registry = "https://pypi.org/simple" }
dependencies = [
    { name = "numpy" },
]
sdist = { url = "https://files.pythonhosted.org/packages/84/a9/2bf119f3f9cff1f376f924e39cfae18dec92a1514784046d185731301281/scipy-1.10.1.tar.gz", hash = "sha256:2cf9dfb80a7b4589ba4c40ce7588986d6d5cebc5457cad2c2880f6bc2d42f3a5", size = 42407997, upload-time = "2023-02-19T21:20:13.395Z" }
wheels = [
    { url = "https://files.pythonhosted.org/packages/a0/e3/37508a11dae501349d7c16e4dd18c706a023629eedc650ee094593887a89/scipy-1.10.1-cp38-cp38-macosx_10_9_x86_64.whl", hash = "sha256:5678f88c68ea866ed9ebe3a989091088553ba12c6090244fdae3e467b1139c35", size = 35041063, upload-time = "2023-02-19T20:49:02.296Z" },
    { url = "https://files.pythonhosted.org/packages/93/4a/50c436de1353cce8b66b26e49a687f10b91fe7465bf34e4565d810153003/scipy-1.10.1-cp38-cp38-macosx_12_0_arm64.whl", hash = "sha256:39becb03541f9e58243f4197584286e339029e8908c46f7221abeea4b749fa88", size = 28797694, upload-time = "2023-02-19T20:50:19.381Z" },
    { url = "https://files.pythonhosted.org/packages/d2/b5/ff61b79ad0ebd15d87ade10e0f4e80114dd89fac34a5efade39e99048c91/scipy-1.10.1-cp38-cp38-manylinux_2_17_aarch64.manylinux2014_aarch64.whl", hash = "sha256:bce5869c8d68cf383ce240e44c1d9ae7c06078a9396df68ce88a1230f93a30c1", size = 31024657, upload-time = "2023-02-19T20:51:49.175Z" },
    { url = "https://files.pythonhosted.org/packages/69/f0/fb07a9548e48b687b8bf2fa81d71aba9cfc548d365046ca1c791e24db99d/scipy-1.10.1-cp38-cp38-manylinux_2_17_x86_64.manylinux2014_x86_64.whl", hash = "sha256:07c3457ce0b3ad5124f98a86533106b643dd811dd61b548e78cf4c8786652f6f", size = 34540352, upload-time = "2023-02-19T20:53:30.821Z" },
    { url = "https://files.pythonhosted.org/packages/32/8e/7f403535ddf826348c9b8417791e28712019962f7e90ff845896d6325d09/scipy-1.10.1-cp38-cp38-win_amd64.whl", hash = "sha256:049a8bbf0ad95277ffba9b3b7d23e5369cc39e66406d60422c8cfef40ccc8415", size = 42215036, upload-time = "2023-02-19T20:55:09.639Z" },
]

[[package]]
name = "setuptools"
version = "75.3.2"
source = { registry = "https://pypi.org/simple" }
sdist = { url = "https://files.pythonhosted.org/packages/5c/01/771ea46cce201dd42cff043a5eea929d1c030fb3d1c2ee2729d02ca7814c/setuptools-75.3.2.tar.gz", hash = "sha256:3c1383e1038b68556a382c1e8ded8887cd20141b0eb5708a6c8d277de49364f5", size = 1354489, upload-time = "2025-03-12T00:02:19.004Z" }
wheels = [
    { url = "https://files.pythonhosted.org/packages/15/65/3f0dba35760d902849d39d38c0a72767794b1963227b69a587f8a336d08c/setuptools-75.3.2-py3-none-any.whl", hash = "sha256:90ab613b6583fc02d5369cbca13ea26ea0e182d1df2d943ee9cbe81d4c61add9", size = 1251198, upload-time = "2025-03-12T00:02:17.554Z" },
]

[[package]]
name = "stylegan2-ada-pytorch"
version = "0.1.0"
source = { virtual = "." }
dependencies = [
    { name = "click" },
    { name = "imageio-ffmpeg" },
    { name = "ninja" },
    { name = "pillow" },
    { name = "psutil" },
    { name = "pyspng" },
    { name = "requests" },
    { name = "scipy" },
    { name = "setuptools" },
    { name = "torch" },
    { name = "tqdm" },
]

[package.metadata]
requires-dist = [
    { name = "click", specifier = ">=8.1.8" },
    { name = "imageio-ffmpeg", specifier = "==0.4.3" },
    { name = "ninja", specifier = ">=1.13.0" },
    { name = "pillow", specifier = ">=10.4.0" },
    { name = "psutil", specifier = ">=7.1.3" },
    { name = "pyspng", specifier = ">=0.1.4" },
    { name = "requests", specifier = ">=2.32.4" },
    { name = "scipy", specifier = ">=1.10.1" },
    { name = "setuptools", specifier = ">=75.3.2" },
    { name = "torch", specifier = "==1.13.1" },
    { name = "tqdm", specifier = ">=4.67.1" },
]

[[package]]
name = "torch"
version = "1.13.1"
source = { registry = "https://pypi.org/simple" }
dependencies = [
    { name = "nvidia-cublas-cu11", marker = "sys_platform == 'linux'" },
    { name = "nvidia-cuda-nvrtc-cu11", marker = "sys_platform == 'linux'" },
    { name = "nvidia-cuda-runtime-cu11", marker = "sys_platform == 'linux'" },
    { name = "nvidia-cudnn-cu11", marker = "sys_platform == 'linux'" },
    { name = "typing-extensions" },
]
wheels = [
    { url = "https://files.pythonhosted.org/packages/6b/0e/c640bda79e61766896fe16dfe0a3ab12b06ad50cf8814950518896dec0a5/torch-1.13.1-cp38-cp38-manylinux1_x86_64.whl", hash = "sha256:727dbf00e2cf858052364c0e2a496684b9cb5aa01dc8a8bc8bbb7c54502bdcdd", size = 887409458, upload-time = "2022-12-15T20:10:04.433Z" },
    { url = "https://files.pythonhosted.org/packages/f4/e5/003ac2b5b95cfea3a0a87150ede879daad446d581fdf967a8d7b2d4b6e05/torch-1.13.1-cp38-cp38-manylinux2014_aarch64.whl", hash = "sha256:df8434b0695e9ceb8cc70650afc1310d8ba949e6db2a0525ddd9c3b2b181e5fe", size = 60546121, upload-time = "2022-12-15T20:17:00.261Z" },
    { url = "https://files.pythonhosted.org/packages/a6/41/122f37c99422566ea74b9cce90eb9218f5e8fb2582466da220f95842a0a0/torch-1.13.1-cp38-cp38-win_amd64.whl", hash = "sha256:5e1e722a41f52a3f26f0c4fcec227e02c6c42f7c094f32e49d4beef7d1e213ea", size = 162612053, upload-time = "2022-12-15T20:16:48.403Z" },
    { url = "https://files.pythonhosted.org/packages/13/60/6129b3b0ce696e45774ab9b4b4f1a1bf5d74a2b9b2e81c88fb4620e6cad3/torch-1.13.1-cp38-none-macosx_10_9_x86_64.whl", hash = "sha256:33e67eea526e0bbb9151263e65417a9ef2d8fa53cbe628e87310060c9dcfa312", size = 135379241, upload-time = "2022-12-15T20:16:27.895Z" },
    { url = "https://files.pythonhosted.org/packages/5d/91/1adb7b73c7dad9fb64ed26bc9d8c060afb9541fca68d71a9c1b48377f332/torch-1.13.1-cp38-none-macosx_11_0_arm64.whl", hash = "sha256:eeeb204d30fd40af6a2d80879b46a7efbe3cf43cdbeb8838dd4f3d126cc90b2b", size = 53185347, upload-time = "2022-12-15T20:16:10.426Z" },
]

[[package]]
name = "tqdm"
version = "4.67.1"
source = { registry = "https://pypi.org/simple" }
dependencies = [
    { name = "colorama", marker = "sys_platform == 'win32'" },
]
sdist = { url = "https://files.pythonhosted.org/packages/a8/4b/29b4ef32e036bb34e4ab51796dd745cdba7ed47ad142a9f4a1eb8e0c744d/tqdm-4.67.1.tar.gz", hash = "sha256:f8aef9c52c08c13a65f30ea34f4e5aac3fd1a34959879d7e59e63027286627f2", size = 169737, upload-time = "2024-11-24T20:12:22.481Z" }
wheels = [
    { url = "https://files.pythonhosted.org/packages/d0/30/dc54f88dd4a2b5dc8a0279bdd7270e735851848b762aeb1c1184ed1f6b14/tqdm-4.67.1-py3-none-any.whl", hash = "sha256:26445eca388f82e72884e0d580d5464cd801a3ea01e63e5601bdff9ba6a48de2", size = 78540, upload-time = "2024-11-24T20:12:19.698Z" },
]

[[package]]
name = "typing-extensions"
version = "4.13.2"
source = { registry = "https://pypi.org/simple" }
sdist = { url = "https://files.pythonhosted.org/packages/f6/37/23083fcd6e35492953e8d2aaaa68b860eb422b34627b13f2ce3eb6106061/typing_extensions-4.13.2.tar.gz", hash = "sha256:e6c81219bd689f51865d9e372991c540bda33a0379d5573cddb9a3a23f7caaef", size = 106967, upload-time = "2025-04-10T14:19:05.416Z" }
wheels = [
    { url = "https://files.pythonhosted.org/packages/8b/54/b1ae86c0973cc6f0210b53d508ca3641fb6d0c56823f288d108bc7ab3cc8/typing_extensions-4.13.2-py3-none-any.whl", hash = "sha256:a439e7c04b49fec3e5d3e2beaa21755cadbbdc391694e28ccdd36ca4a1408f8c", size = 45806, upload-time = "2025-04-10T14:19:03.967Z" },
]

[[package]]
name = "urllib3"
version = "2.2.3"
source = { registry = "https://pypi.org/simple" }
sdist = { url = "https://files.pythonhosted.org/packages/ed/63/22ba4ebfe7430b76388e7cd448d5478814d3032121827c12a2cc287e2260/urllib3-2.2.3.tar.gz", hash = "sha256:e7d814a81dad81e6caf2ec9fdedb284ecc9c73076b62654547cc64ccdcae26e9", size = 300677, upload-time = "2024-09-12T10:52:18.401Z" }
wheels = [
    { url = "https://files.pythonhosted.org/packages/ce/d9/5f4c13cecde62396b0d3fe530a50ccea91e7dfc1ccf0e09c228841bb5ba8/urllib3-2.2.3-py3-none-any.whl", hash = "sha256:ca899ca043dcb1bafa3e262d73aa25c465bfb49e0bd9dd5d59f1d0acba2f8fac", size = 126338, upload-time = "2024-09-12T10:52:16.589Z" },
]

[[package]]
name = "wheel"
version = "0.45.1"
source = { registry = "https://pypi.org/simple" }
sdist = { url = "https://files.pythonhosted.org/packages/8a/98/2d9906746cdc6a6ef809ae6338005b3f21bb568bea3165cfc6a243fdc25c/wheel-0.45.1.tar.gz", hash = "sha256:661e1abd9198507b1409a20c02106d9670b2576e916d58f520316666abca6729", size = 107545, upload-time = "2024-11-23T00:18:23.513Z" }
wheels = [
    { url = "https://files.pythonhosted.org/packages/0b/2c/87f3254fd8ffd29e4c02732eee68a83a1d3c346ae39bc6822dcbcb697f2b/wheel-0.45.1-py3-none-any.whl", hash = "sha256:708e7481cc80179af0e556bbf0cc00b8444c7321e2700b8d8580231d13017248", size = 72494, upload-time = "2024-11-23T00:18:21.207Z" },
]
